
Microsoft Visual Studio Solution File, Format Version 12.00
# Visual Studio Version 17
VisualStudioVersion = 17.2.32519.379
MinimumVisualStudioVersion = 10.0.40219.1
Project("{9A19103F-16F7-4668-BE54-9A1E7A4F7556}") = "BlackSmith.Domain", "BlackSmith.Domain\BlackSmith.Domain.csproj", "{81AB67A2-DB0C-4509-9CF5-455F0EC08895}"
EndProject
Project("{FAE04EC0-301F-11D3-BF4B-00C04F79EFBC}") = "BlackSmith.Data", "BlackSmith.Data\BlackSmith.Data.csproj", "{9B045849-49AF-4C2B-BEC0-5E82E1B04DD8}"
EndProject
Project("{FAE04EC0-301F-11D3-BF4B-00C04F79EFBC}") = "BlackSmith.Business", "BlackSmith.Business\BlackSmith.Business.csproj", "{56609471-8CF2-461D-B0A2-0C975AD5637C}"
EndProject
Project("{FAE04EC0-301F-11D3-BF4B-00C04F79EFBC}") = "BlackSmith.Presentation", "BlackSmith.Presentation\BlackSmith.Presentation.csproj", "{96764593-3314-4E0A-84FD-178ED91E75D3}"
EndProject
Global
	GlobalSection(SolutionConfigurationPlatforms) = preSolution
		Debug|Any CPU = Debug|Any CPU
		Release|Any CPU = Release|Any CPU
	EndGlobalSection
	GlobalSection(ProjectConfigurationPlatforms) = postSolution
		{81AB67A2-DB0C-4509-9CF5-455F0EC08895}.Debug|Any CPU.ActiveCfg = Debug|Any CPU
		{81AB67A2-DB0C-4509-9CF5-455F0EC08895}.Debug|Any CPU.Build.0 = Debug|Any CPU
		{81AB67A2-DB0C-4509-9CF5-455F0EC08895}.Release|Any CPU.ActiveCfg = Release|Any CPU
		{81AB67A2-DB0C-4509-9CF5-455F0EC08895}.Release|Any CPU.Build.0 = Release|Any CPU
		{9B045849-49AF-4C2B-BEC0-5E82E1B04DD8}.Debug|Any CPU.ActiveCfg = Debug|Any CPU
		{9B045849-49AF-4C2B-BEC0-5E82E1B04DD8}.Debug|Any CPU.Build.0 = Debug|Any CPU
		{9B045849-49AF-4C2B-BEC0-5E82E1B04DD8}.Release|Any CPU.ActiveCfg = Release|Any CPU
		{9B045849-49AF-4C2B-BEC0-5E82E1B04DD8}.Release|Any CPU.Build.0 = Release|Any CPU
		{56609471-8CF2-461D-B0A2-0C975AD5637C}.Debug|Any CPU.ActiveCfg = Debug|Any CPU
		{56609471-8CF2-461D-B0A2-0C975AD5637C}.Debug|Any CPU.Build.0 = Debug|Any CPU
		{56609471-8CF2-461D-B0A2-0C975AD5637C}.Release|Any CPU.ActiveCfg = Release|Any CPU
		{56609471-8CF2-461D-B0A2-0C975AD5637C}.Release|Any CPU.Build.0 = Release|Any CPU
		{96764593-3314-4E0A-84FD-178ED91E75D3}.Debug|Any CPU.ActiveCfg = Debug|Any CPU
		{96764593-3314-4E0A-84FD-178ED91E75D3}.Debug|Any CPU.Build.0 = Debug|Any CPU
		{96764593-3314-4E0A-84FD-178ED91E75D3}.Release|Any CPU.ActiveCfg = Release|Any CPU
		{96764593-3314-4E0A-84FD-178ED91E75D3}.Release|Any CPU.Build.0 = Release|Any CPU
	EndGlobalSection
	GlobalSection(SolutionProperties) = preSolution
		HideSolutionNode = FALSE
	EndGlobalSection
	GlobalSection(ExtensibilityGlobals) = postSolution
		SolutionGuid = {72802D15-FC8E-4DD0-A2A1-BE4769031B93}
	EndGlobalSection
EndGlobal
